
Microsoft Visual Studio Solution File, Format Version 12.00
# Visual Studio Version 17
VisualStudioVersion = 17.5.002.0
MinimumVisualStudioVersion = 10.0.40219.1
Project("{9A19103F-16F7-4668-BE54-9A1E7A4F7556}") = "M03-Implement-Interfaces", "M03-Implement-Interfaces.csproj", "{5E96A63D-A80A-43A9-9713-FF1E5D3B1805}"
EndProject
Global
	GlobalSection(SolutionConfigurationPlatforms) = preSolution
		Debug|Any CPU = Debug|Any CPU
		Release|Any CPU = Release|Any CPU
	EndGlobalSection
	GlobalSection(ProjectConfigurationPlatforms) = postSolution
		{5E96A63D-A80A-43A9-9713-FF1E5D3B1805}.Debug|Any CPU.ActiveCfg = Debug|Any CPU
		{5E96A63D-A80A-43A9-9713-FF1E5D3B1805}.Debug|Any CPU.Build.0 = Debug|Any CPU
		{5E96A63D-A80A-43A9-9713-FF1E5D3B1805}.Release|Any CPU.ActiveCfg = Release|Any CPU
		{5E96A63D-A80A-43A9-9713-FF1E5D3B1805}.Release|Any CPU.Build.0 = Release|Any CPU
	EndGlobalSection
	GlobalSection(SolutionProperties) = preSolution
		HideSolutionNode = FALSE
	EndGlobalSection
	GlobalSection(ExtensibilityGlobals) = postSolution
		SolutionGuid = {9920FFFD-4DFC-4DCE-8B50-1B95D4F2BF37}
	EndGlobalSection
EndGlobal
